
Microsoft Visual Studio Solution File, Format Version 12.00
# Visual Studio 15
VisualStudioVersion = 15.0.28010.2026
MinimumVisualStudioVersion = 10.0.40219.1
Project("{FAE04EC0-301F-11D3-BF4B-00C04F79EFBC}") = "VoterClientPielievinGeras", "VoterClientPielievinGeras\VoterClientPielievinGeras.csproj", "{B271F1CE-B055-4C81-B504-886D75765909}"
EndProject
Global
	GlobalSection(SolutionConfigurationPlatforms) = preSolution
		Debug|Any CPU = Debug|Any CPU
		Release|Any CPU = Release|Any CPU
	EndGlobalSection
	GlobalSection(ProjectConfigurationPlatforms) = postSolution
		{B271F1CE-B055-4C81-B504-886D75765909}.Debug|Any CPU.ActiveCfg = Debug|Any CPU
		{B271F1CE-B055-4C81-B504-886D75765909}.Debug|Any CPU.Build.0 = Debug|Any CPU
		{B271F1CE-B055-4C81-B504-886D75765909}.Release|Any CPU.ActiveCfg = Release|Any CPU
		{B271F1CE-B055-4C81-B504-886D75765909}.Release|Any CPU.Build.0 = Release|Any CPU
	EndGlobalSection
	GlobalSection(SolutionProperties) = preSolution
		HideSolutionNode = FALSE
	EndGlobalSection
	GlobalSection(ExtensibilityGlobals) = postSolution
		SolutionGuid = {695F22A4-7BFB-4313-B984-725265D9192E}
	EndGlobalSection
EndGlobal
