
Microsoft Visual Studio Solution File, Format Version 12.00
# Visual Studio 15
VisualStudioVersion = 15.0.28010.2026
MinimumVisualStudioVersion = 10.0.40219.1
Project("{FAE04EC0-301F-11D3-BF4B-00C04F79EFBC}") = "PielievinGerasApiVoter", "PielievinGerasApiVoter\PielievinGerasApiVoter.csproj", "{5F392CF6-813C-4BFA-A125-8070B1BAF17C}"
EndProject
Global
	GlobalSection(SolutionConfigurationPlatforms) = preSolution
		Debug|Any CPU = Debug|Any CPU
		Release|Any CPU = Release|Any CPU
	EndGlobalSection
	GlobalSection(ProjectConfigurationPlatforms) = postSolution
		{5F392CF6-813C-4BFA-A125-8070B1BAF17C}.Debug|Any CPU.ActiveCfg = Debug|Any CPU
		{5F392CF6-813C-4BFA-A125-8070B1BAF17C}.Debug|Any CPU.Build.0 = Debug|Any CPU
		{5F392CF6-813C-4BFA-A125-8070B1BAF17C}.Release|Any CPU.ActiveCfg = Release|Any CPU
		{5F392CF6-813C-4BFA-A125-8070B1BAF17C}.Release|Any CPU.Build.0 = Release|Any CPU
	EndGlobalSection
	GlobalSection(SolutionProperties) = preSolution
		HideSolutionNode = FALSE
	EndGlobalSection
	GlobalSection(ExtensibilityGlobals) = postSolution
		SolutionGuid = {2712BBC0-ADDB-4067-ACE3-2E1E2225A860}
	EndGlobalSection
EndGlobal
